# generated by rye
# use `rye lock` or `rye sync` to update this lockfile
#
# last locked with the following flags:
#   pre: false
#   features: []
#   all-features: false
#   with-sources: false
#   generate-hashes: false

-e file:.
asttokens==2.4.1
    # via stack-data
cffi==1.16.0
    # via mip
contourpy==1.2.1
    # via matplotlib
cplex==22.1.1.2
    # via actionable-recourse
cycler==0.12.1
    # via matplotlib
decorator==5.1.1
    # via ipython
exceptiongroup==1.2.1
    # via ipython
    # via pytest
executing==2.0.1
    # via stack-data
fonttools==4.52.4
    # via matplotlib
iniconfig==2.0.0
    # via pytest
ipython==8.24.0
    # via actionable-recourse
jedi==0.19.1
    # via ipython
jinja2==3.1.4
    # via actionable-recourse
joblib==1.4.2
    # via scikit-learn
kiwisolver==1.4.5
    # via matplotlib
markupsafe==2.1.5
    # via jinja2
matplotlib==3.9.0
    # via actionable-recourse
    # via seaborn
matplotlib-inline==0.1.7
    # via ipython
mip==1.12.0
    # via actionable-recourse
numpy==1.26.4
    # via actionable-recourse
    # via contourpy
    # via matplotlib
    # via pandas
    # via pandas-stubs
    # via scikit-learn
    # via scipy
    # via seaborn
packaging==24.0
    # via matplotlib
    # via pytest
pandas==2.2.2
    # via actionable-recourse
    # via seaborn
pandas-stubs==2.2.2.240514
parso==0.8.4
    # via jedi
pexpect==4.9.0
    # via ipython
pillow==10.3.0
    # via matplotlib
pluggy==1.5.0
    # via pytest
prettytable==3.10.0
    # via actionable-recourse
prompt-toolkit==3.0.45
    # via ipython
ptyprocess==0.7.0
    # via pexpect
pure-eval==0.2.2
    # via stack-data
pycparser==2.22
    # via cffi
pygments==2.18.0
    # via ipython
pyparsing==3.1.2
    # via matplotlib
pytest==8.2.1
python-dateutil==2.9.0.post0
    # via matplotlib
    # via pandas
pytz==2024.1
    # via pandas
ruff==0.4.6
scikit-learn==1.5.0
    # via actionable-recourse
scipy==1.13.1
    # via actionable-recourse
    # via scikit-learn
seaborn==0.13.2
    # via actionable-recourse
six==1.16.0
    # via asttokens
    # via python-dateutil
stack-data==0.6.3
    # via ipython
threadpoolctl==3.5.0
    # via scikit-learn
tomli==2.0.1
    # via pytest
tqdm==4.66.4
    # via actionable-recourse
traitlets==5.14.3
    # via actionable-recourse
    # via ipython
    # via matplotlib-inline
types-pytz==2024.1.0.20240417
    # via pandas-stubs
typing-extensions==4.12.0
    # via ipython
tzdata==2024.1
    # via pandas
wcwidth==0.2.13
    # via prettytable
    # via prompt-toolkit
